
Microsoft Visual Studio Solution File, Format Version 12.00
# Visual Studio Version 17
VisualStudioVersion = 17.5.002.0
MinimumVisualStudioVersion = 10.0.40219.1
Project("{9A19103F-16F7-4668-BE54-9A1E7A4F7556}") = "WebApi", "WebApi.csproj", "{EE819944-FF85-4EA6-8A27-398B921F393E}"
EndProject
Global
	GlobalSection(SolutionConfigurationPlatforms) = preSolution
		Debug|Any CPU = Debug|Any CPU
		Release|Any CPU = Release|Any CPU
	EndGlobalSection
	GlobalSection(ProjectConfigurationPlatforms) = postSolution
		{EE819944-FF85-4EA6-8A27-398B921F393E}.Debug|Any CPU.ActiveCfg = Debug|Any CPU
		{EE819944-FF85-4EA6-8A27-398B921F393E}.Debug|Any CPU.Build.0 = Debug|Any CPU
		{EE819944-FF85-4EA6-8A27-398B921F393E}.Release|Any CPU.ActiveCfg = Release|Any CPU
		{EE819944-FF85-4EA6-8A27-398B921F393E}.Release|Any CPU.Build.0 = Release|Any CPU
	EndGlobalSection
	GlobalSection(SolutionProperties) = preSolution
		HideSolutionNode = FALSE
	EndGlobalSection
	GlobalSection(ExtensibilityGlobals) = postSolution
		SolutionGuid = {72FD059A-6261-4F0F-A894-5D37463868D5}
	EndGlobalSection
EndGlobal
